// !$*UTF8*$!
{
	archiveVersion = 1;
	classes = {
	};
	objectVersion = 50;
	objects = {

/* Begin PBXBuildFile section */
		5434B09D23CCD95A003B78E4 /* AudioEchoSession.swift in Sources */ = {isa = PBXBuildFile; fileRef = 5434B09C23CCD95A003B78E4 /* AudioEchoSession.swift */; };
		5434B09E23CCDB1A003B78E4 /* MainView.swift in Sources */ = {isa = PBXBuildFile; fileRef = 54D3C45323CCD7CA00FEFABE /* MainView.swift */; };
		54782591263D34C700626A7C /* ViewModel.swift in Sources */ = {isa = PBXBuildFile; fileRef = 54782590263D34C700626A7C /* ViewModel.swift */; };
		54D3C45023CCD7CA00FEFABE /* AppDelegate.swift in Sources */ = {isa = PBXBuildFile; fileRef = 54D3C44F23CCD7CA00FEFABE /* AppDelegate.swift */; };
		54D3C45223CCD7CA00FEFABE /* SceneDelegate.swift in Sources */ = {isa = PBXBuildFile; fileRef = 54D3C45123CCD7CA00FEFABE /* SceneDelegate.swift */; };
		54D3C45623CCD7CB00FEFABE /* Assets.xcassets in Resources */ = {isa = PBXBuildFile; fileRef = 54D3C45523CCD7CB00FEFABE /* Assets.xcassets */; };
		54D3C45923CCD7CB00FEFABE /* Preview Assets.xcassets in Resources */ = {isa = PBXBuildFile; fileRef = 54D3C45823CCD7CB00FEFABE /* Preview Assets.xcassets */; };
		54D3C45C23CCD7CB00FEFABE /* LaunchScreen.storyboard in Resources */ = {isa = PBXBuildFile; fileRef = 54D3C45A23CCD7CB00FEFABE /* LaunchScreen.storyboard */; };
/* End PBXBuildFile section */

/* Begin PBXFileReference section */
		3D95AF122796D66500F19223 /* DEVELOPMENT_TEAM.template.xcconfig */ = {isa = PBXFileReference; fileEncoding = 4; lastKnownFileType = text.xcconfig; path = DEVELOPMENT_TEAM.template.xcconfig; sourceTree = "<group>"; };
		3D95AF132796D66500F19223 /* DEVELOPMENT_TEAM.xcconfig */ = {isa = PBXFileReference; fileEncoding = 4; lastKnownFileType = text.xcconfig; path = DEVELOPMENT_TEAM.xcconfig; sourceTree = "<group>"; };
		3D95AF142796D66600F19223 /* Shared.xcconfig */ = {isa = PBXFileReference; fileEncoding = 4; lastKnownFileType = text.xcconfig; path = Shared.xcconfig; sourceTree = "<group>"; };
		5434B09C23CCD95A003B78E4 /* AudioEchoSession.swift */ = {isa = PBXFileReference; fileEncoding = 4; lastKnownFileType = sourcecode.swift; path = AudioEchoSession.swift; sourceTree = "<group>"; };
		54782590263D34C700626A7C /* ViewModel.swift */ = {isa = PBXFileReference; lastKnownFileType = sourcecode.swift; path = ViewModel.swift; sourceTree = "<group>"; };
		54D3C44C23CCD7CA00FEFABE /* Echo.app */ = {isa = PBXFileReference; explicitFileType = wrapper.application; includeInIndex = 0; path = Echo.app; sourceTree = BUILT_PRODUCTS_DIR; };
		54D3C44F23CCD7CA00FEFABE /* AppDelegate.swift */ = {isa = PBXFileReference; lastKnownFileType = sourcecode.swift; path = AppDelegate.swift; sourceTree = "<group>"; };
		54D3C45123CCD7CA00FEFABE /* SceneDelegate.swift */ = {isa = PBXFileReference; lastKnownFileType = sourcecode.swift; path = SceneDelegate.swift; sourceTree = "<group>"; };
		54D3C45323CCD7CA00FEFABE /* MainView.swift */ = {isa = PBXFileReference; lastKnownFileType = sourcecode.swift; path = MainView.swift; sourceTree = "<group>"; };
		54D3C45523CCD7CB00FEFABE /* Assets.xcassets */ = {isa = PBXFileReference; lastKnownFileType = folder.assetcatalog; path = Assets.xcassets; sourceTree = "<group>"; };
		54D3C45823CCD7CB00FEFABE /* Preview Assets.xcassets */ = {isa = PBXFileReference; lastKnownFileType = folder.assetcatalog; path = "Preview Assets.xcassets"; sourceTree = "<group>"; };
		54D3C45B23CCD7CB00FEFABE /* Base */ = {isa = PBXFileReference; lastKnownFileType = file.storyboard; name = Base; path = Base.lproj/LaunchScreen.storyboard; sourceTree = "<group>"; };
		54D3C45D23CCD7CB00FEFABE /* Info.plist */ = {isa = PBXFileReference; lastKnownFileType = text.plist.xml; path = Info.plist; sourceTree = "<group>"; };
/* End PBXFileReference section */

/* Begin PBXFrameworksBuildPhase section */
		54D3C44923CCD7CA00FEFABE /* Frameworks */ = {
			isa = PBXFrameworksBuildPhase;
			buildActionMask = 2147483647;
			files = (
			);
			runOnlyForDeploymentPostprocessing = 0;
		};
/* End PBXFrameworksBuildPhase section */

/* Begin PBXGroup section */
		3D95AF112796D66500F19223 /* Xcode-config */ = {
			isa = PBXGroup;
			children = (
				3D95AF122796D66500F19223 /* DEVELOPMENT_TEAM.template.xcconfig */,
				3D95AF132796D66500F19223 /* DEVELOPMENT_TEAM.xcconfig */,
				3D95AF142796D66600F19223 /* Shared.xcconfig */,
			);
			path = "Xcode-config";
			sourceTree = "<group>";
		};
		540DB52F23CCD856001A8D0A /* Classes */ = {
			isa = PBXGroup;
			children = (
				54D3C44F23CCD7CA00FEFABE /* AppDelegate.swift */,
				5434B09C23CCD95A003B78E4 /* AudioEchoSession.swift */,
				54D3C45323CCD7CA00FEFABE /* MainView.swift */,
				54D3C45123CCD7CA00FEFABE /* SceneDelegate.swift */,
				54782590263D34C700626A7C /* ViewModel.swift */,
			);
			path = Classes;
			sourceTree = "<group>";
		};
		540DB53023CCD85C001A8D0A /* Resources */ = {
			isa = PBXGroup;
			children = (
				54D3C45523CCD7CB00FEFABE /* Assets.xcassets */,
				54D3C45A23CCD7CB00FEFABE /* LaunchScreen.storyboard */,
			);
			path = Resources;
			sourceTree = "<group>";
		};
		54D3C44323CCD7CA00FEFABE = {
			isa = PBXGroup;
			children = (
				3D95AF112796D66500F19223 /* Xcode-config */,
				54D3C44E23CCD7CA00FEFABE /* Echo */,
				54D3C44D23CCD7CA00FEFABE /* Products */,
			);
			sourceTree = "<group>";
		};
		54D3C44D23CCD7CA00FEFABE /* Products */ = {
			isa = PBXGroup;
			children = (
				54D3C44C23CCD7CA00FEFABE /* Echo.app */,
			);
			name = Products;
			sourceTree = "<group>";
		};
		54D3C44E23CCD7CA00FEFABE /* Echo */ = {
			isa = PBXGroup;
			children = (
				540DB52F23CCD856001A8D0A /* Classes */,
				54D3C45723CCD7CB00FEFABE /* Preview Content */,
				540DB53023CCD85C001A8D0A /* Resources */,
				54D3C45D23CCD7CB00FEFABE /* Info.plist */,
			);
			path = Echo;
			sourceTree = "<group>";
		};
		54D3C45723CCD7CB00FEFABE /* Preview Content */ = {
			isa = PBXGroup;
			children = (
				54D3C45823CCD7CB00FEFABE /* Preview Assets.xcassets */,
			);
			path = "Preview Content";
			sourceTree = "<group>";
		};
/* End PBXGroup section */

/* Begin PBXNativeTarget section */
		54D3C44B23CCD7CA00FEFABE /* Echo */ = {
			isa = PBXNativeTarget;
			buildConfigurationList = 54D3C46023CCD7CB00FEFABE /* Build configuration list for PBXNativeTarget "Echo" */;
			buildPhases = (
				54D3C44823CCD7CA00FEFABE /* Sources */,
				54D3C44923CCD7CA00FEFABE /* Frameworks */,
				54D3C44A23CCD7CA00FEFABE /* Resources */,
			);
			buildRules = (
			);
			dependencies = (
			);
			name = Echo;
			productName = Echo;
			productReference = 54D3C44C23CCD7CA00FEFABE /* Echo.app */;
			productType = "com.apple.product-type.application";
		};
/* End PBXNativeTarget section */

/* Begin PBXProject section */
		54D3C44423CCD7CA00FEFABE /* Project object */ = {
			isa = PBXProject;
			attributes = {
				LastSwiftUpdateCheck = 1130;
				LastUpgradeCheck = 1310;
				ORGANIZATIONNAME = "Yoshimasa Niwa";
				TargetAttributes = {
					54D3C44B23CCD7CA00FEFABE = {
						CreatedOnToolsVersion = 11.3;
					};
				};
			};
			buildConfigurationList = 54D3C44723CCD7CA00FEFABE /* Build configuration list for PBXProject "Echo" */;
			compatibilityVersion = "Xcode 9.3";
			developmentRegion = en;
			hasScannedForEncodings = 0;
			knownRegions = (
				en,
				Base,
			);
			mainGroup = 54D3C44323CCD7CA00FEFABE;
			productRefGroup = 54D3C44D23CCD7CA00FEFABE /* Products */;
			projectDirPath = "";
			projectRoot = "";
			targets = (
				54D3C44B23CCD7CA00FEFABE /* Echo */,
			);
		};
/* End PBXProject section */

/* Begin PBXResourcesBuildPhase section */
		54D3C44A23CCD7CA00FEFABE /* Resources */ = {
			isa = PBXResourcesBuildPhase;
			buildActionMask = 2147483647;
			files = (
				54D3C45C23CCD7CB00FEFABE /* LaunchScreen.storyboard in Resources */,
				54D3C45923CCD7CB00FEFABE /* Preview Assets.xcassets in Resources */,
				54D3C45623CCD7CB00FEFABE /* Assets.xcassets in Resources */,
			);
			runOnlyForDeploymentPostprocessing = 0;
		};
/* End PBXResourcesBuildPhase section */

/* Begin PBXSourcesBuildPhase section */
		54D3C44823CCD7CA00FEFABE /* Sources */ = {
			isa = PBXSourcesBuildPhase;
			buildActionMask = 2147483647;
			files = (
				54782591263D34C700626A7C /* ViewModel.swift in Sources */,
				54D3C45023CCD7CA00FEFABE /* AppDelegate.swift in Sources */,
				5434B09E23CCDB1A003B78E4 /* MainView.swift in Sources */,
				54D3C45223CCD7CA00FEFABE /* SceneDelegate.swift in Sources */,
				5434B09D23CCD95A003B78E4 /* AudioEchoSession.swift in Sources */,
			);
			runOnlyForDeploymentPostprocessing = 0;
		};
/* End PBXSourcesBuildPhase section */

/* Begin PBXVariantGroup section */
		54D3C45A23CCD7CB00FEFABE /* LaunchScreen.storyboard */ = {
			isa = PBXVariantGroup;
			children = (
				54D3C45B23CCD7CB00FEFABE /* Base */,
			);
			name = LaunchScreen.storyboard;
			sourceTree = "<group>";
		};
/* End PBXVariantGroup section */

/* Begin XCBuildConfiguration section */
		54D3C45E23CCD7CB00FEFABE /* Debug */ = {
			isa = XCBuildConfiguration;
			baseConfigurationReference = 3D95AF142796D66600F19223 /* Shared.xcconfig */;
			buildSettings = {
				ALWAYS_SEARCH_USER_PATHS = NO;
				CLANG_ANALYZER_NONNULL = YES;
				CLANG_ANALYZER_NUMBER_OBJECT_CONVERSION = YES_AGGRESSIVE;
				CLANG_CXX_LANGUAGE_STANDARD = "gnu++14";
				CLANG_CXX_LIBRARY = "libc++";
				CLANG_ENABLE_MODULES = YES;
				CLANG_ENABLE_OBJC_ARC = YES;
				CLANG_ENABLE_OBJC_WEAK = YES;
				CLANG_WARN_BLOCK_CAPTURE_AUTORELEASING = YES;
				CLANG_WARN_BOOL_CONVERSION = YES;
				CLANG_WARN_COMMA = YES;
				CLANG_WARN_CONSTANT_CONVERSION = YES;
				CLANG_WARN_DEPRECATED_OBJC_IMPLEMENTATIONS = YES;
				CLANG_WARN_DIRECT_OBJC_ISA_USAGE = YES_ERROR;
				CLANG_WARN_DOCUMENTATION_COMMENTS = YES;
				CLANG_WARN_EMPTY_BODY = YES;
				CLANG_WARN_ENUM_CONVERSION = YES;
				CLANG_WARN_INFINITE_RECURSION = YES;
				CLANG_WARN_INT_CONVERSION = YES;
				CLANG_WARN_NON_LITERAL_NULL_CONVERSION = YES;
				CLANG_WARN_OBJC_IMPLICIT_RETAIN_SELF = YES;
				CLANG_WARN_OBJC_LITERAL_CONVERSION = YES;
				CLANG_WARN_OBJC_ROOT_CLASS = YES_ERROR;
				CLANG_WARN_QUOTED_INCLUDE_IN_FRAMEWORK_HEADER = YES;
				CLANG_WARN_RANGE_LOOP_ANALYSIS = YES;
				CLANG_WARN_STRICT_PROTOTYPES = YES;
				CLANG_WARN_SUSPICIOUS_MOVE = YES;
				CLANG_WARN_UNGUARDED_AVAILABILITY = YES_AGGRESSIVE;
				CLANG_WARN_UNREACHABLE_CODE = YES;
				CLANG_WARN__DUPLICATE_METHOD_MATCH = YES;
				COPY_PHASE_STRIP = NO;
				DEBUG_INFORMATION_FORMAT = dwarf;
				ENABLE_STRICT_OBJC_MSGSEND = YES;
				ENABLE_TESTABILITY = YES;
				GCC_C_LANGUAGE_STANDARD = gnu11;
				GCC_DYNAMIC_NO_PIC = NO;
				GCC_NO_COMMON_BLOCKS = YES;
				GCC_OPTIMIZATION_LEVEL = 0;
				GCC_PREPROCESSOR_DEFINITIONS = (
					"DEBUG=1",
					"$(inherited)",
				);
				GCC_WARN_64_TO_32_BIT_CONVERSION = YES;
				GCC_WARN_ABOUT_RETURN_TYPE = YES_ERROR;
				GCC_WARN_UNDECLARED_SELECTOR = YES;
				GCC_WARN_UNINITIALIZED_AUTOS = YES_AGGRESSIVE;
				GCC_WARN_UNUSED_FUNCTION = YES;
				GCC_WARN_UNUSED_VARIABLE = YES;
				IPHONEOS_DEPLOYMENT_TARGET = 13.2;
				MTL_ENABLE_DEBUG_INFO = INCLUDE_SOURCE;
				MTL_FAST_MATH = YES;
				ONLY_ACTIVE_ARCH = YES;
				SDKROOT = iphoneos;
				SWIFT_ACTIVE_COMPILATION_CONDITIONS = DEBUG;
				SWIFT_OPTIMIZATION_LEVEL = "-Onone";
			};
			name = Debug;
		};
		54D3C45F23CCD7CB00FEFABE /* Release */ = {
			isa = XCBuildConfiguration;
			baseConfigurationReference = 3D95AF142796D66600F19223 /* Shared.xcconfig */;
			buildSettings = {
				ALWAYS_SEARCH_USER_PATHS = NO;
				CLANG_ANALYZER_NONNULL = YES;
				CLANG_ANALYZER_NUMBER_OBJECT_CONVERSION = YES_AGGRESSIVE;
				CLANG_CXX_LANGUAGE_STANDARD = "gnu++14";
				CLANG_CXX_LIBRARY = "libc++";
				CLANG_ENABLE_MODULES = YES;
				CLANG_ENABLE_OBJC_ARC = YES;
				CLANG_ENABLE_OBJC_WEAK = YES;
				CLANG_WARN_BLOCK_CAPTURE_AUTORELEASING = YES;
				CLANG_WARN_BOOL_CONVERSION = YES;
				CLANG_WARN_COMMA = YES;
				CLANG_WARN_CONSTANT_CONVERSION = YES;
				CLANG_WARN_DEPRECATED_OBJC_IMPLEMENTATIONS = YES;
				CLANG_WARN_DIRECT_OBJC_ISA_USAGE = YES_ERROR;
				CLANG_WARN_DOCUMENTATION_COMMENTS = YES;
				CLANG_WARN_EMPTY_BODY = YES;
				CLANG_WARN_ENUM_CONVERSION = YES;
				CLANG_WARN_INFINITE_RECURSION = YES;
				CLANG_WARN_INT_CONVERSION = YES;
				CLANG_WARN_NON_LITERAL_NULL_CONVERSION = YES;
				CLANG_WARN_OBJC_IMPLICIT_RETAIN_SELF = YES;
				CLANG_WARN_OBJC_LITERAL_CONVERSION = YES;
				CLANG_WARN_OBJC_ROOT_CLASS = YES_ERROR;
				CLANG_WARN_QUOTED_INCLUDE_IN_FRAMEWORK_HEADER = YES;
				CLANG_WARN_RANGE_LOOP_ANALYSIS = YES;
				CLANG_WARN_STRICT_PROTOTYPES = YES;
				CLANG_WARN_SUSPICIOUS_MOVE = YES;
				CLANG_WARN_UNGUARDED_AVAILABILITY = YES_AGGRESSIVE;
				CLANG_WARN_UNREACHABLE_CODE = YES;
				CLANG_WARN__DUPLICATE_METHOD_MATCH = YES;
				COPY_PHASE_STRIP = NO;
				DEBUG_INFORMATION_FORMAT = "dwarf-with-dsym";
				ENABLE_NS_ASSERTIONS = NO;
				ENABLE_STRICT_OBJC_MSGSEND = YES;
				GCC_C_LANGUAGE_STANDARD = gnu11;
				GCC_NO_COMMON_BLOCKS = YES;
				GCC_WARN_64_TO_32_BIT_CONVERSION = YES;
				GCC_WARN_ABOUT_RETURN_TYPE = YES_ERROR;
				GCC_WARN_UNDECLARED_SELECTOR = YES;
				GCC_WARN_UNINITIALIZED_AUTOS = YES_AGGRESSIVE;
				GCC_WARN_UNUSED_FUNCTION = YES;
				GCC_WARN_UNUSED_VARIABLE = YES;
				IPHONEOS_DEPLOYMENT_TARGET = 13.2;
				MTL_ENABLE_DEBUG_INFO = NO;
				MTL_FAST_MATH = YES;
				SDKROOT = iphoneos;
				SWIFT_COMPILATION_MODE = wholemodule;
				SWIFT_OPTIMIZATION_LEVEL = "-O";
				VALIDATE_PRODUCT = YES;
			};
			name = Release;
		};
		54D3C46123CCD7CB00FEFABE /* Debug */ = {
			isa = XCBuildConfiguration;
			buildSettings = {
				ASSETCATALOG_COMPILER_APPICON_NAME = AppIcon;
				CODE_SIGN_IDENTITY = "Apple Development";
				CODE_SIGN_STYLE = Automatic;
				DEVELOPMENT_ASSET_PATHS = "\"Echo/Preview Content\"";
				ENABLE_PREVIEWS = YES;
				INFOPLIST_FILE = Echo/Info.plist;
				LD_RUNPATH_SEARCH_PATHS = (
					"$(inherited)",
					"@executable_path/Frameworks",
				);
				MARKETING_VERSION = 0.1.0;
				PRODUCT_BUNDLE_IDENTIFIER = at.niw.Echo;
				PRODUCT_NAME = "$(TARGET_NAME)";
				PROVISIONING_PROFILE_SPECIFIER = "";
				SWIFT_VERSION = 5.0;
				TARGETED_DEVICE_FAMILY = "1,2";
			};
			name = Debug;
		};
		54D3C46223CCD7CB00FEFABE /* Release */ = {
			isa = XCBuildConfiguration;
			buildSettings = {
				ASSETCATALOG_COMPILER_APPICON_NAME = AppIcon;
				CODE_SIGN_IDENTITY = "Apple Development";
				CODE_SIGN_STYLE = Automatic;
				DEVELOPMENT_ASSET_PATHS = "\"Echo/Preview Content\"";
				ENABLE_PREVIEWS = YES;
				INFOPLIST_FILE = Echo/Info.plist;
				LD_RUNPATH_SEARCH_PATHS = (
					"$(inherited)",
					"@executable_path/Frameworks",
				);
				MARKETING_VERSION = 0.1.0;
				PRODUCT_BUNDLE_IDENTIFIER = at.niw.Echo;
				PRODUCT_NAME = "$(TARGET_NAME)";
				PROVISIONING_PROFILE_SPECIFIER = "";
				SWIFT_VERSION = 5.0;
				TARGETED_DEVICE_FAMILY = "1,2";
			};
			name = Release;
		};
/* End XCBuildConfiguration section */

/* Begin XCConfigurationList section */
		54D3C44723CCD7CA00FEFABE /* Build configuration list for PBXProject "Echo" */ = {
			isa = XCConfigurationList;
			buildConfigurations = (
				54D3C45E23CCD7CB00FEFABE /* Debug */,
				54D3C45F23CCD7CB00FEFABE /* Release */,
			);
			defaultConfigurationIsVisible = 0;
			defaultConfigurationName = Release;
		};
		54D3C46023CCD7CB00FEFABE /* Build configuration list for PBXNativeTarget "Echo" */ = {
			isa = XCConfigurationList;
			buildConfigurations = (
				54D3C46123CCD7CB00FEFABE /* Debug */,
				54D3C46223CCD7CB00FEFABE /* Release */,
			);
			defaultConfigurationIsVisible = 0;
			defaultConfigurationName = Release;
		};
/* End XCConfigurationList section */
	};
	rootObject = 54D3C44423CCD7CA00FEFABE /* Project object */;
}
